
Microsoft Visual Studio Solution File, Format Version 12.00
# Visual Studio Version 17
VisualStudioVersion = 17.3.32505.426
MinimumVisualStudioVersion = 10.0.40219.1
Project("{2150E333-8FDC-42A3-9474-1A3956D46DE8}") = "src", "src", "{8AE1906A-6DB4-4129-A424-06382334A3F4}"
EndProject
Project("{2150E333-8FDC-42A3-9474-1A3956D46DE8}") = "tests", "tests", "{5E3B1431-6D45-4677-BAE7-427F4DF1FB4C}"
EndProject
Project("{9A19103F-16F7-4668-BE54-9A1E7A4F7556}") = "MM.Clients", "MM.Clients\MM.Clients.csproj", "{01784CDF-392B-4786-99F6-A833B5CF0AE9}"
EndProject
Project("{9A19103F-16F7-4668-BE54-9A1E7A4F7556}") = "MM.Repository", "MM.Repository\MM.Repository.csproj", "{79D63ECE-1DAB-436B-BCF8-A8D91446D07B}"
EndProject
Project("{9A19103F-16F7-4668-BE54-9A1E7A4F7556}") = "MauiProject", "MauiProject\MauiProject.csproj", "{D6563590-E928-4EA1-838B-D90239799C32}"
EndProject
Project("{9A19103F-16F7-4668-BE54-9A1E7A4F7556}") = "MM.Services", "MM.Services\MM.Services.csproj", "{14A0A96C-C776-47BD-B053-31D699DCE4C3}"
EndProject
Global
	GlobalSection(SolutionConfigurationPlatforms) = preSolution
		Debug|Any CPU = Debug|Any CPU
		Release|Any CPU = Release|Any CPU
	EndGlobalSection
	GlobalSection(ProjectConfigurationPlatforms) = postSolution
		{01784CDF-392B-4786-99F6-A833B5CF0AE9}.Debug|Any CPU.ActiveCfg = Debug|Any CPU
		{01784CDF-392B-4786-99F6-A833B5CF0AE9}.Debug|Any CPU.Build.0 = Debug|Any CPU
		{01784CDF-392B-4786-99F6-A833B5CF0AE9}.Release|Any CPU.ActiveCfg = Release|Any CPU
		{01784CDF-392B-4786-99F6-A833B5CF0AE9}.Release|Any CPU.Build.0 = Release|Any CPU
		{79D63ECE-1DAB-436B-BCF8-A8D91446D07B}.Debug|Any CPU.ActiveCfg = Debug|Any CPU
		{79D63ECE-1DAB-436B-BCF8-A8D91446D07B}.Debug|Any CPU.Build.0 = Debug|Any CPU
		{79D63ECE-1DAB-436B-BCF8-A8D91446D07B}.Release|Any CPU.ActiveCfg = Release|Any CPU
		{79D63ECE-1DAB-436B-BCF8-A8D91446D07B}.Release|Any CPU.Build.0 = Release|Any CPU
		{D6563590-E928-4EA1-838B-D90239799C32}.Debug|Any CPU.ActiveCfg = Debug|Any CPU
		{D6563590-E928-4EA1-838B-D90239799C32}.Debug|Any CPU.Build.0 = Debug|Any CPU
		{D6563590-E928-4EA1-838B-D90239799C32}.Debug|Any CPU.Deploy.0 = Debug|Any CPU
		{D6563590-E928-4EA1-838B-D90239799C32}.Release|Any CPU.ActiveCfg = Release|Any CPU
		{D6563590-E928-4EA1-838B-D90239799C32}.Release|Any CPU.Build.0 = Release|Any CPU
		{D6563590-E928-4EA1-838B-D90239799C32}.Release|Any CPU.Deploy.0 = Release|Any CPU
		{14A0A96C-C776-47BD-B053-31D699DCE4C3}.Debug|Any CPU.ActiveCfg = Debug|Any CPU
		{14A0A96C-C776-47BD-B053-31D699DCE4C3}.Debug|Any CPU.Build.0 = Debug|Any CPU
		{14A0A96C-C776-47BD-B053-31D699DCE4C3}.Release|Any CPU.ActiveCfg = Release|Any CPU
		{14A0A96C-C776-47BD-B053-31D699DCE4C3}.Release|Any CPU.Build.0 = Release|Any CPU
	EndGlobalSection
	GlobalSection(SolutionProperties) = preSolution
		HideSolutionNode = FALSE
	EndGlobalSection
	GlobalSection(NestedProjects) = preSolution
		{01784CDF-392B-4786-99F6-A833B5CF0AE9} = {8AE1906A-6DB4-4129-A424-06382334A3F4}
		{79D63ECE-1DAB-436B-BCF8-A8D91446D07B} = {8AE1906A-6DB4-4129-A424-06382334A3F4}
		{D6563590-E928-4EA1-838B-D90239799C32} = {8AE1906A-6DB4-4129-A424-06382334A3F4}
		{14A0A96C-C776-47BD-B053-31D699DCE4C3} = {8AE1906A-6DB4-4129-A424-06382334A3F4}
	EndGlobalSection
	GlobalSection(ExtensibilityGlobals) = postSolution
		SolutionGuid = {C477B4C8-9957-42A0-B5FF-217C719D171D}
	EndGlobalSection
EndGlobal
